
Microsoft Visual Studio Solution File, Format Version 12.00
# Visual Studio Version 16
VisualStudioVersion = 16.0.31624.102
MinimumVisualStudioVersion = 10.0.40219.1
Project("{FAE04EC0-301F-11D3-BF4B-00C04F79EFBC}") = "GeneralStore", "GeneralStore.MVC\GeneralStore.csproj", "{43F7BFC2-3620-47D6-8FC8-638DCD572D1E}"
EndProject
Global
	GlobalSection(SolutionConfigurationPlatforms) = preSolution
		Debug|Any CPU = Debug|Any CPU
		Release|Any CPU = Release|Any CPU
	EndGlobalSection
	GlobalSection(ProjectConfigurationPlatforms) = postSolution
		{43F7BFC2-3620-47D6-8FC8-638DCD572D1E}.Debug|Any CPU.ActiveCfg = Debug|Any CPU
		{43F7BFC2-3620-47D6-8FC8-638DCD572D1E}.Debug|Any CPU.Build.0 = Debug|Any CPU
		{43F7BFC2-3620-47D6-8FC8-638DCD572D1E}.Release|Any CPU.ActiveCfg = Release|Any CPU
		{43F7BFC2-3620-47D6-8FC8-638DCD572D1E}.Release|Any CPU.Build.0 = Release|Any CPU
	EndGlobalSection
	GlobalSection(SolutionProperties) = preSolution
		HideSolutionNode = FALSE
	EndGlobalSection
	GlobalSection(ExtensibilityGlobals) = postSolution
		SolutionGuid = {D3D7BF72-F9BA-4404-A6C5-94E1389D90FE}
	EndGlobalSection
EndGlobal
